
Microsoft Visual Studio Solution File, Format Version 12.00
# Visual Studio Version 17
VisualStudioVersion = 17.0.31903.59
MinimumVisualStudioVersion = 10.0.40219.1
Project("{2150E333-8FDC-42A3-9474-1A3956D46DE8}") = "src", "src", "{827E0CD3-B72D-47B6-A68D-7590B98EB39B}"
EndProject
Project("{FAE04EC0-301F-11D3-BF4B-00C04F79EFBC}") = "ReportDiff.Core", "src\ReportDiff.Core\ReportDiff.Core.csproj", "{94F88671-9722-4D32-B2F0-E05A79745898}"
EndProject
Project("{FAE04EC0-301F-11D3-BF4B-00C04F79EFBC}") = "ReportDiff.Pdf", "src\ReportDiff.Pdf\ReportDiff.Pdf.csproj", "{F854856D-4A0D-44FA-8C1C-37C7257D7ACE}"
EndProject
Project("{FAE04EC0-301F-11D3-BF4B-00C04F79EFBC}") = "ReportDiff.Report", "src\ReportDiff.Report\ReportDiff.Report.csproj", "{B192A13B-BC5D-4613-9DAA-5E75FED87032}"
EndProject
Project("{FAE04EC0-301F-11D3-BF4B-00C04F79EFBC}") = "ReportDiff.Cli", "src\ReportDiff.Cli\ReportDiff.Cli.csproj", "{B14AD0E3-F209-4127-810C-409B8F147CA5}"
EndProject
Project("{2150E333-8FDC-42A3-9474-1A3956D46DE8}") = "tests", "tests", "{0AB3BF05-4346-4AA6-1389-037BE0695223}"
EndProject
Project("{FAE04EC0-301F-11D3-BF4B-00C04F79EFBC}") = "ReportDiff.Tests", "tests\ReportDiff.Tests\ReportDiff.Tests.csproj", "{FF422B77-BBD9-4A2D-9875-7AD5C503CDF8}"
EndProject
Global
	GlobalSection(SolutionConfigurationPlatforms) = preSolution
		Debug|Any CPU = Debug|Any CPU
		Debug|x64 = Debug|x64
		Debug|x86 = Debug|x86
		Release|Any CPU = Release|Any CPU
		Release|x64 = Release|x64
		Release|x86 = Release|x86
	EndGlobalSection
	GlobalSection(ProjectConfigurationPlatforms) = postSolution
		{94F88671-9722-4D32-B2F0-E05A79745898}.Debug|Any CPU.ActiveCfg = Debug|Any CPU
		{94F88671-9722-4D32-B2F0-E05A79745898}.Debug|Any CPU.Build.0 = Debug|Any CPU
		{94F88671-9722-4D32-B2F0-E05A79745898}.Debug|x64.ActiveCfg = Debug|Any CPU
		{94F88671-9722-4D32-B2F0-E05A79745898}.Debug|x64.Build.0 = Debug|Any CPU
		{94F88671-9722-4D32-B2F0-E05A79745898}.Debug|x86.ActiveCfg = Debug|Any CPU
		{94F88671-9722-4D32-B2F0-E05A79745898}.Debug|x86.Build.0 = Debug|Any CPU
		{94F88671-9722-4D32-B2F0-E05A79745898}.Release|Any CPU.ActiveCfg = Release|Any CPU
		{94F88671-9722-4D32-B2F0-E05A79745898}.Release|Any CPU.Build.0 = Release|Any CPU
		{94F88671-9722-4D32-B2F0-E05A79745898}.Release|x64.ActiveCfg = Release|Any CPU
		{94F88671-9722-4D32-B2F0-E05A79745898}.Release|x64.Build.0 = Release|Any CPU
		{94F88671-9722-4D32-B2F0-E05A79745898}.Release|x86.ActiveCfg = Release|Any CPU
		{94F88671-9722-4D32-B2F0-E05A79745898}.Release|x86.Build.0 = Release|Any CPU
		{F854856D-4A0D-44FA-8C1C-37C7257D7ACE}.Debug|Any CPU.ActiveCfg = Debug|Any CPU
		{F854856D-4A0D-44FA-8C1C-37C7257D7ACE}.Debug|Any CPU.Build.0 = Debug|Any CPU
		{F854856D-4A0D-44FA-8C1C-37C7257D7ACE}.Debug|x64.ActiveCfg = Debug|Any CPU
		{F854856D-4A0D-44FA-8C1C-37C7257D7ACE}.Debug|x64.Build.0 = Debug|Any CPU
		{F854856D-4A0D-44FA-8C1C-37C7257D7ACE}.Debug|x86.ActiveCfg = Debug|Any CPU
		{F854856D-4A0D-44FA-8C1C-37C7257D7ACE}.Debug|x86.Build.0 = Debug|Any CPU
		{F854856D-4A0D-44FA-8C1C-37C7257D7ACE}.Release|Any CPU.ActiveCfg = Release|Any CPU
		{F854856D-4A0D-44FA-8C1C-37C7257D7ACE}.Release|Any CPU.Build.0 = Release|Any CPU
		{F854856D-4A0D-44FA-8C1C-37C7257D7ACE}.Release|x64.ActiveCfg = Release|Any CPU
		{F854856D-4A0D-44FA-8C1C-37C7257D7ACE}.Release|x64.Build.0 = Release|Any CPU
		{F854856D-4A0D-44FA-8C1C-37C7257D7ACE}.Release|x86.ActiveCfg = Release|Any CPU
		{F854856D-4A0D-44FA-8C1C-37C7257D7ACE}.Release|x86.Build.0 = Release|Any CPU
		{B192A13B-BC5D-4613-9DAA-5E75FED87032}.Debug|Any CPU.ActiveCfg = Debug|Any CPU
		{B192A13B-BC5D-4613-9DAA-5E75FED87032}.Debug|Any CPU.Build.0 = Debug|Any CPU
		{B192A13B-BC5D-4613-9DAA-5E75FED87032}.Debug|x64.ActiveCfg = Debug|Any CPU
		{B192A13B-BC5D-4613-9DAA-5E75FED87032}.Debug|x64.Build.0 = Debug|Any CPU
		{B192A13B-BC5D-4613-9DAA-5E75FED87032}.Debug|x86.ActiveCfg = Debug|Any CPU
		{B192A13B-BC5D-4613-9DAA-5E75FED87032}.Debug|x86.Build.0 = Debug|Any CPU
		{B192A13B-BC5D-4613-9DAA-5E75FED87032}.Release|Any CPU.ActiveCfg = Release|Any CPU
		{B192A13B-BC5D-4613-9DAA-5E75FED87032}.Release|Any CPU.Build.0 = Release|Any CPU
		{B192A13B-BC5D-4613-9DAA-5E75FED87032}.Release|x64.ActiveCfg = Release|Any CPU
		{B192A13B-BC5D-4613-9DAA-5E75FED87032}.Release|x64.Build.0 = Release|Any CPU
		{B192A13B-BC5D-4613-9DAA-5E75FED87032}.Release|x86.ActiveCfg = Release|Any CPU
		{B192A13B-BC5D-4613-9DAA-5E75FED87032}.Release|x86.Build.0 = Release|Any CPU
		{B14AD0E3-F209-4127-810C-409B8F147CA5}.Debug|Any CPU.ActiveCfg = Debug|Any CPU
		{B14AD0E3-F209-4127-810C-409B8F147CA5}.Debug|Any CPU.Build.0 = Debug|Any CPU
		{B14AD0E3-F209-4127-810C-409B8F147CA5}.Debug|x64.ActiveCfg = Debug|Any CPU
		{B14AD0E3-F209-4127-810C-409B8F147CA5}.Debug|x64.Build.0 = Debug|Any CPU
		{B14AD0E3-F209-4127-810C-409B8F147CA5}.Debug|x86.ActiveCfg = Debug|Any CPU
		{B14AD0E3-F209-4127-810C-409B8F147CA5}.Debug|x86.Build.0 = Debug|Any CPU
		{B14AD0E3-F209-4127-810C-409B8F147CA5}.Release|Any CPU.ActiveCfg = Release|Any CPU
		{B14AD0E3-F209-4127-810C-409B8F147CA5}.Release|Any CPU.Build.0 = Release|Any CPU
		{B14AD0E3-F209-4127-810C-409B8F147CA5}.Release|x64.ActiveCfg = Release|Any CPU
		{B14AD0E3-F209-4127-810C-409B8F147CA5}.Release|x64.Build.0 = Release|Any CPU
		{B14AD0E3-F209-4127-810C-409B8F147CA5}.Release|x86.ActiveCfg = Release|Any CPU
		{B14AD0E3-F209-4127-810C-409B8F147CA5}.Release|x86.Build.0 = Release|Any CPU
		{FF422B77-BBD9-4A2D-9875-7AD5C503CDF8}.Debug|Any CPU.ActiveCfg = Debug|Any CPU
		{FF422B77-BBD9-4A2D-9875-7AD5C503CDF8}.Debug|Any CPU.Build.0 = Debug|Any CPU
		{FF422B77-BBD9-4A2D-9875-7AD5C503CDF8}.Debug|x64.ActiveCfg = Debug|Any CPU
		{FF422B77-BBD9-4A2D-9875-7AD5C503CDF8}.Debug|x64.Build.0 = Debug|Any CPU
		{FF422B77-BBD9-4A2D-9875-7AD5C503CDF8}.Debug|x86.ActiveCfg = Debug|Any CPU
		{FF422B77-BBD9-4A2D-9875-7AD5C503CDF8}.Debug|x86.Build.0 = Debug|Any CPU
		{FF422B77-BBD9-4A2D-9875-7AD5C503CDF8}.Release|Any CPU.ActiveCfg = Release|Any CPU
		{FF422B77-BBD9-4A2D-9875-7AD5C503CDF8}.Release|Any CPU.Build.0 = Release|Any CPU
		{FF422B77-BBD9-4A2D-9875-7AD5C503CDF8}.Release|x64.ActiveCfg = Release|Any CPU
		{FF422B77-BBD9-4A2D-9875-7AD5C503CDF8}.Release|x64.Build.0 = Release|Any CPU
		{FF422B77-BBD9-4A2D-9875-7AD5C503CDF8}.Release|x86.ActiveCfg = Release|Any CPU
		{FF422B77-BBD9-4A2D-9875-7AD5C503CDF8}.Release|x86.Build.0 = Release|Any CPU
	EndGlobalSection
	GlobalSection(SolutionProperties) = preSolution
		HideSolutionNode = FALSE
	EndGlobalSection
	GlobalSection(NestedProjects) = preSolution
		{94F88671-9722-4D32-B2F0-E05A79745898} = {827E0CD3-B72D-47B6-A68D-7590B98EB39B}
		{F854856D-4A0D-44FA-8C1C-37C7257D7ACE} = {827E0CD3-B72D-47B6-A68D-7590B98EB39B}
		{B192A13B-BC5D-4613-9DAA-5E75FED87032} = {827E0CD3-B72D-47B6-A68D-7590B98EB39B}
		{B14AD0E3-F209-4127-810C-409B8F147CA5} = {827E0CD3-B72D-47B6-A68D-7590B98EB39B}
		{FF422B77-BBD9-4A2D-9875-7AD5C503CDF8} = {0AB3BF05-4346-4AA6-1389-037BE0695223}
	EndGlobalSection
EndGlobal
